
Microsoft Visual Studio Solution File, Format Version 12.00
# Visual Studio 15
VisualStudioVersion = 15.0.27703.2026
MinimumVisualStudioVersion = 10.0.40219.1
Project("{FAE04EC0-301F-11D3-BF4B-00C04F79EFBC}") = "DemoCode", "DemoCode\DemoCode.csproj", "{9AB79BEA-52D6-4B9E-844B-71F8D8D37CE5}"
EndProject
Global
	GlobalSection(SolutionConfigurationPlatforms) = preSolution
		Debug|Any CPU = Debug|Any CPU
		Release|Any CPU = Release|Any CPU
	EndGlobalSection
	GlobalSection(ProjectConfigurationPlatforms) = postSolution
		{9AB79BEA-52D6-4B9E-844B-71F8D8D37CE5}.Debug|Any CPU.ActiveCfg = Debug|Any CPU
		{9AB79BEA-52D6-4B9E-844B-71F8D8D37CE5}.Debug|Any CPU.Build.0 = Debug|Any CPU
		{9AB79BEA-52D6-4B9E-844B-71F8D8D37CE5}.Release|Any CPU.ActiveCfg = Release|Any CPU
		{9AB79BEA-52D6-4B9E-844B-71F8D8D37CE5}.Release|Any CPU.Build.0 = Release|Any CPU
	EndGlobalSection
	GlobalSection(SolutionProperties) = preSolution
		HideSolutionNode = FALSE
	EndGlobalSection
	GlobalSection(ExtensibilityGlobals) = postSolution
		SolutionGuid = {AAA5A7BC-7473-4F4F-BF88-2E26121E5CD5}
	EndGlobalSection
EndGlobal
